// !$*UTF8*$!
{
	archiveVersion = 1;
	classes = {
	};
	objectVersion = 50;
	objects = {

/* Begin PBXBuildFile section */
		19D43D4951E8AFC770482176 /* Pods_PFXZigzag.framework in Frameworks */ = {isa = PBXBuildFile; fileRef = 23F2EF828070C8C276B7C2C2 /* Pods_PFXZigzag.framework */; };
		6DA59F02221EA479004C7B8D /* AppDelegate.swift in Sources */ = {isa = PBXBuildFile; fileRef = 6DA59F01221EA479004C7B8D /* AppDelegate.swift */; };
		6DA59F04221EA479004C7B8D /* ViewController.swift in Sources */ = {isa = PBXBuildFile; fileRef = 6DA59F03221EA479004C7B8D /* ViewController.swift */; };
		6DA59F07221EA479004C7B8D /* Main.storyboard in Resources */ = {isa = PBXBuildFile; fileRef = 6DA59F05221EA479004C7B8D /* Main.storyboard */; };
		6DA59F0A221EA479004C7B8D /* PFXZigzag.xcdatamodeld in Sources */ = {isa = PBXBuildFile; fileRef = 6DA59F08221EA479004C7B8D /* PFXZigzag.xcdatamodeld */; };
		6DA59F0C221EA47A004C7B8D /* Assets.xcassets in Resources */ = {isa = PBXBuildFile; fileRef = 6DA59F0B221EA47A004C7B8D /* Assets.xcassets */; };
		6DA59F0F221EA47A004C7B8D /* LaunchScreen.storyboard in Resources */ = {isa = PBXBuildFile; fileRef = 6DA59F0D221EA47A004C7B8D /* LaunchScreen.storyboard */; };
		6DA59F1A221EA47A004C7B8D /* PFXZigzagTests.swift in Sources */ = {isa = PBXBuildFile; fileRef = 6DA59F19221EA47A004C7B8D /* PFXZigzagTests.swift */; };
		6DA59F25221EA47A004C7B8D /* PFXZigzagUITests.swift in Sources */ = {isa = PBXBuildFile; fileRef = 6DA59F24221EA47A004C7B8D /* PFXZigzagUITests.swift */; };
		6DA59F3C221EA6AF004C7B8D /* categories.json in Resources */ = {isa = PBXBuildFile; fileRef = 6DA59F3B221EA6AF004C7B8D /* categories.json */; };
		6DA59F3D221EA7C7004C7B8D /* flatten-tree.swift in Sources */ = {isa = PBXBuildFile; fileRef = 6DA59F38221EA4EA004C7B8D /* flatten-tree.swift */; };
		6DA59F3E221EA7D8004C7B8D /* alter-date-format.swift in Sources */ = {isa = PBXBuildFile; fileRef = 6DA59F34221EA4D0004C7B8D /* alter-date-format.swift */; };
		6DA59F3F221EA7DB004C7B8D /* bowling-score-calculator.swift in Sources */ = {isa = PBXBuildFile; fileRef = 6DA59F36221EA4DF004C7B8D /* bowling-score-calculator.swift */; };
		6DA59F40221EA80D004C7B8D /* categories.json in Resources */ = {isa = PBXBuildFile; fileRef = 6DA59F3B221EA6AF004C7B8D /* categories.json */; };
		7C44406FC41A1E041EEE4037 /* Pods_PFXZigzagTests.framework in Frameworks */ = {isa = PBXBuildFile; fileRef = AFB43228BB955F15C39B8B26 /* Pods_PFXZigzagTests.framework */; };
		B122DBE75F6A095752FB9835 /* Pods_PFXZigzagUITests.framework in Frameworks */ = {isa = PBXBuildFile; fileRef = 81BD17805D0B077D9823E41E /* Pods_PFXZigzagUITests.framework */; };
/* End PBXBuildFile section */

/* Begin PBXContainerItemProxy section */
		6DA59F16221EA47A004C7B8D /* PBXContainerItemProxy */ = {
			isa = PBXContainerItemProxy;
			containerPortal = 6DA59EF6221EA479004C7B8D /* Project object */;
			proxyType = 1;
			remoteGlobalIDString = 6DA59EFD221EA479004C7B8D;
			remoteInfo = PFXZigzag;
		};
		6DA59F21221EA47A004C7B8D /* PBXContainerItemProxy */ = {
			isa = PBXContainerItemProxy;
			containerPortal = 6DA59EF6221EA479004C7B8D /* Project object */;
			proxyType = 1;
			remoteGlobalIDString = 6DA59EFD221EA479004C7B8D;
			remoteInfo = PFXZigzag;
		};
/* End PBXContainerItemProxy section */

/* Begin PBXFileReference section */
		06A55CBACFB16B081424F009 /* Pods-PFXZigzagUITests.release.xcconfig */ = {isa = PBXFileReference; includeInIndex = 1; lastKnownFileType = text.xcconfig; name = "Pods-PFXZigzagUITests.release.xcconfig"; path = "Pods/Target Support Files/Pods-PFXZigzagUITests/Pods-PFXZigzagUITests.release.xcconfig"; sourceTree = "<group>"; };
		23F2EF828070C8C276B7C2C2 /* Pods_PFXZigzag.framework */ = {isa = PBXFileReference; explicitFileType = wrapper.framework; includeInIndex = 0; path = Pods_PFXZigzag.framework; sourceTree = BUILT_PRODUCTS_DIR; };
		3A1F33ED2B4DE001FB31150B /* Pods-PFXZigzagUITests.debug.xcconfig */ = {isa = PBXFileReference; includeInIndex = 1; lastKnownFileType = text.xcconfig; name = "Pods-PFXZigzagUITests.debug.xcconfig"; path = "Pods/Target Support Files/Pods-PFXZigzagUITests/Pods-PFXZigzagUITests.debug.xcconfig"; sourceTree = "<group>"; };
		6DA59EFE221EA479004C7B8D /* PFXZigzag.app */ = {isa = PBXFileReference; explicitFileType = wrapper.application; includeInIndex = 0; path = PFXZigzag.app; sourceTree = BUILT_PRODUCTS_DIR; };
		6DA59F01221EA479004C7B8D /* AppDelegate.swift */ = {isa = PBXFileReference; lastKnownFileType = sourcecode.swift; path = AppDelegate.swift; sourceTree = "<group>"; };
		6DA59F03221EA479004C7B8D /* ViewController.swift */ = {isa = PBXFileReference; lastKnownFileType = sourcecode.swift; path = ViewController.swift; sourceTree = "<group>"; };
		6DA59F06221EA479004C7B8D /* Base */ = {isa = PBXFileReference; lastKnownFileType = file.storyboard; name = Base; path = Base.lproj/Main.storyboard; sourceTree = "<group>"; };
		6DA59F09221EA479004C7B8D /* PFXZigzag.xcdatamodel */ = {isa = PBXFileReference; lastKnownFileType = wrapper.xcdatamodel; path = PFXZigzag.xcdatamodel; sourceTree = "<group>"; };
		6DA59F0B221EA47A004C7B8D /* Assets.xcassets */ = {isa = PBXFileReference; lastKnownFileType = folder.assetcatalog; path = Assets.xcassets; sourceTree = "<group>"; };
		6DA59F0E221EA47A004C7B8D /* Base */ = {isa = PBXFileReference; lastKnownFileType = file.storyboard; name = Base; path = Base.lproj/LaunchScreen.storyboard; sourceTree = "<group>"; };
		6DA59F10221EA47A004C7B8D /* Info.plist */ = {isa = PBXFileReference; lastKnownFileType = text.plist.xml; path = Info.plist; sourceTree = "<group>"; };
		6DA59F15221EA47A004C7B8D /* PFXZigzagTests.xctest */ = {isa = PBXFileReference; explicitFileType = wrapper.cfbundle; includeInIndex = 0; path = PFXZigzagTests.xctest; sourceTree = BUILT_PRODUCTS_DIR; };
		6DA59F19221EA47A004C7B8D /* PFXZigzagTests.swift */ = {isa = PBXFileReference; lastKnownFileType = sourcecode.swift; path = PFXZigzagTests.swift; sourceTree = "<group>"; };
		6DA59F1B221EA47A004C7B8D /* Info.plist */ = {isa = PBXFileReference; lastKnownFileType = text.plist.xml; path = Info.plist; sourceTree = "<group>"; };
		6DA59F20221EA47A004C7B8D /* PFXZigzagUITests.xctest */ = {isa = PBXFileReference; explicitFileType = wrapper.cfbundle; includeInIndex = 0; path = PFXZigzagUITests.xctest; sourceTree = BUILT_PRODUCTS_DIR; };
		6DA59F24221EA47A004C7B8D /* PFXZigzagUITests.swift */ = {isa = PBXFileReference; lastKnownFileType = sourcecode.swift; path = PFXZigzagUITests.swift; sourceTree = "<group>"; };
		6DA59F26221EA47A004C7B8D /* Info.plist */ = {isa = PBXFileReference; lastKnownFileType = text.plist.xml; path = Info.plist; sourceTree = "<group>"; };
		6DA59F34221EA4D0004C7B8D /* alter-date-format.swift */ = {isa = PBXFileReference; lastKnownFileType = sourcecode.swift; path = "alter-date-format.swift"; sourceTree = "<group>"; };
		6DA59F36221EA4DF004C7B8D /* bowling-score-calculator.swift */ = {isa = PBXFileReference; lastKnownFileType = sourcecode.swift; path = "bowling-score-calculator.swift"; sourceTree = "<group>"; };
		6DA59F38221EA4EA004C7B8D /* flatten-tree.swift */ = {isa = PBXFileReference; lastKnownFileType = sourcecode.swift; path = "flatten-tree.swift"; sourceTree = "<group>"; };
		6DA59F3B221EA6AF004C7B8D /* categories.json */ = {isa = PBXFileReference; fileEncoding = 4; lastKnownFileType = text.json; path = categories.json; sourceTree = "<group>"; };
		76E227A00DD6698EAAF44F88 /* Pods-PFXZigzag.release.xcconfig */ = {isa = PBXFileReference; includeInIndex = 1; lastKnownFileType = text.xcconfig; name = "Pods-PFXZigzag.release.xcconfig"; path = "Pods/Target Support Files/Pods-PFXZigzag/Pods-PFXZigzag.release.xcconfig"; sourceTree = "<group>"; };
		7B715C318FE5E2464489E160 /* Pods-PFXZigzagTests.debug.xcconfig */ = {isa = PBXFileReference; includeInIndex = 1; lastKnownFileType = text.xcconfig; name = "Pods-PFXZigzagTests.debug.xcconfig"; path = "Pods/Target Support Files/Pods-PFXZigzagTests/Pods-PFXZigzagTests.debug.xcconfig"; sourceTree = "<group>"; };
		81BD17805D0B077D9823E41E /* Pods_PFXZigzagUITests.framework */ = {isa = PBXFileReference; explicitFileType = wrapper.framework; includeInIndex = 0; path = Pods_PFXZigzagUITests.framework; sourceTree = BUILT_PRODUCTS_DIR; };
		ACFF980B97C3AB94CFE050E0 /* Pods-PFXZigzagTests.release.xcconfig */ = {isa = PBXFileReference; includeInIndex = 1; lastKnownFileType = text.xcconfig; name = "Pods-PFXZigzagTests.release.xcconfig"; path = "Pods/Target Support Files/Pods-PFXZigzagTests/Pods-PFXZigzagTests.release.xcconfig"; sourceTree = "<group>"; };
		AFB43228BB955F15C39B8B26 /* Pods_PFXZigzagTests.framework */ = {isa = PBXFileReference; explicitFileType = wrapper.framework; includeInIndex = 0; path = Pods_PFXZigzagTests.framework; sourceTree = BUILT_PRODUCTS_DIR; };
		C5C4746347684138562EA5AF /* Pods-PFXZigzag.debug.xcconfig */ = {isa = PBXFileReference; includeInIndex = 1; lastKnownFileType = text.xcconfig; name = "Pods-PFXZigzag.debug.xcconfig"; path = "Pods/Target Support Files/Pods-PFXZigzag/Pods-PFXZigzag.debug.xcconfig"; sourceTree = "<group>"; };
/* End PBXFileReference section */

/* Begin PBXFrameworksBuildPhase section */
		6DA59EFB221EA479004C7B8D /* Frameworks */ = {
			isa = PBXFrameworksBuildPhase;
			buildActionMask = 2147483647;
			files = (
				19D43D4951E8AFC770482176 /* Pods_PFXZigzag.framework in Frameworks */,
			);
			runOnlyForDeploymentPostprocessing = 0;
		};
		6DA59F12221EA47A004C7B8D /* Frameworks */ = {
			isa = PBXFrameworksBuildPhase;
			buildActionMask = 2147483647;
			files = (
				7C44406FC41A1E041EEE4037 /* Pods_PFXZigzagTests.framework in Frameworks */,
			);
			runOnlyForDeploymentPostprocessing = 0;
		};
		6DA59F1D221EA47A004C7B8D /* Frameworks */ = {
			isa = PBXFrameworksBuildPhase;
			buildActionMask = 2147483647;
			files = (
				B122DBE75F6A095752FB9835 /* Pods_PFXZigzagUITests.framework in Frameworks */,
			);
			runOnlyForDeploymentPostprocessing = 0;
		};
/* End PBXFrameworksBuildPhase section */

/* Begin PBXGroup section */
		40C0229DA6E13B485F61C63A /* Frameworks */ = {
			isa = PBXGroup;
			children = (
				23F2EF828070C8C276B7C2C2 /* Pods_PFXZigzag.framework */,
				AFB43228BB955F15C39B8B26 /* Pods_PFXZigzagTests.framework */,
				81BD17805D0B077D9823E41E /* Pods_PFXZigzagUITests.framework */,
			);
			name = Frameworks;
			sourceTree = "<group>";
		};
		6DA59EF5221EA479004C7B8D = {
			isa = PBXGroup;
			children = (
				6DA59F00221EA479004C7B8D /* PFXZigzag */,
				6DA59F18221EA47A004C7B8D /* PFXZigzagTests */,
				6DA59F23221EA47A004C7B8D /* PFXZigzagUITests */,
				6DA59EFF221EA479004C7B8D /* Products */,
				B056838285E15D07D8E0E582 /* Pods */,
				40C0229DA6E13B485F61C63A /* Frameworks */,
			);
			sourceTree = "<group>";
		};
		6DA59EFF221EA479004C7B8D /* Products */ = {
			isa = PBXGroup;
			children = (
				6DA59EFE221EA479004C7B8D /* PFXZigzag.app */,
				6DA59F15221EA47A004C7B8D /* PFXZigzagTests.xctest */,
				6DA59F20221EA47A004C7B8D /* PFXZigzagUITests.xctest */,
			);
			name = Products;
			sourceTree = "<group>";
		};
		6DA59F00221EA479004C7B8D /* PFXZigzag */ = {
			isa = PBXGroup;
			children = (
				6DA59F3A221EA69E004C7B8D /* Resources */,
				6DA59F01221EA479004C7B8D /* AppDelegate.swift */,
				6DA59F03221EA479004C7B8D /* ViewController.swift */,
				6DA59F05221EA479004C7B8D /* Main.storyboard */,
				6DA59F0D221EA47A004C7B8D /* LaunchScreen.storyboard */,
				6DA59F10221EA47A004C7B8D /* Info.plist */,
				6DA59F08221EA479004C7B8D /* PFXZigzag.xcdatamodeld */,
			);
			path = PFXZigzag;
			sourceTree = "<group>";
		};
		6DA59F18221EA47A004C7B8D /* PFXZigzagTests */ = {
			isa = PBXGroup;
			children = (
				6DA59F32221EA4AB004C7B8D /* HomeWork1 */,
				6DA59F19221EA47A004C7B8D /* PFXZigzagTests.swift */,
				6DA59F1B221EA47A004C7B8D /* Info.plist */,
			);
			path = PFXZigzagTests;
			sourceTree = "<group>";
		};
		6DA59F23221EA47A004C7B8D /* PFXZigzagUITests */ = {
			isa = PBXGroup;
			children = (
				6DA59F24221EA47A004C7B8D /* PFXZigzagUITests.swift */,
				6DA59F26221EA47A004C7B8D /* Info.plist */,
			);
			path = PFXZigzagUITests;
			sourceTree = "<group>";
		};
		6DA59F32221EA4AB004C7B8D /* HomeWork1 */ = {
			isa = PBXGroup;
			children = (
				6DA59F34221EA4D0004C7B8D /* alter-date-format.swift */,
				6DA59F36221EA4DF004C7B8D /* bowling-score-calculator.swift */,
				6DA59F38221EA4EA004C7B8D /* flatten-tree.swift */,
			);
			path = HomeWork1;
			sourceTree = "<group>";
		};
		6DA59F3A221EA69E004C7B8D /* Resources */ = {
			isa = PBXGroup;
			children = (
				D246332E221F792E002C3F20 /* jsons */,
				D246332D221F7928002C3F20 /* images */,
			);
			path = Resources;
			sourceTree = "<group>";
		};
		B056838285E15D07D8E0E582 /* Pods */ = {
			isa = PBXGroup;
			children = (
				C5C4746347684138562EA5AF /* Pods-PFXZigzag.debug.xcconfig */,
				76E227A00DD6698EAAF44F88 /* Pods-PFXZigzag.release.xcconfig */,
				7B715C318FE5E2464489E160 /* Pods-PFXZigzagTests.debug.xcconfig */,
				ACFF980B97C3AB94CFE050E0 /* Pods-PFXZigzagTests.release.xcconfig */,
				3A1F33ED2B4DE001FB31150B /* Pods-PFXZigzagUITests.debug.xcconfig */,
				06A55CBACFB16B081424F009 /* Pods-PFXZigzagUITests.release.xcconfig */,
			);
			name = Pods;
			sourceTree = "<group>";
		};
		D246332D221F7928002C3F20 /* images */ = {
			isa = PBXGroup;
			children = (
				6DA59F0B221EA47A004C7B8D /* Assets.xcassets */,
			);
			path = images;
			sourceTree = "<group>";
		};
		D246332E221F792E002C3F20 /* jsons */ = {
			isa = PBXGroup;
			children = (
				6DA59F3B221EA6AF004C7B8D /* categories.json */,
			);
			path = jsons;
			sourceTree = "<group>";
		};
/* End PBXGroup section */

/* Begin PBXNativeTarget section */
		6DA59EFD221EA479004C7B8D /* PFXZigzag */ = {
			isa = PBXNativeTarget;
			buildConfigurationList = 6DA59F29221EA47A004C7B8D /* Build configuration list for PBXNativeTarget "PFXZigzag" */;
			buildPhases = (
				4373A7D4CD85B3788C6F67A3 /* [CP] Check Pods Manifest.lock */,
				6DA59EFA221EA479004C7B8D /* Sources */,
				6DA59EFB221EA479004C7B8D /* Frameworks */,
				6DA59EFC221EA479004C7B8D /* Resources */,
				EA80D08A2E25A3FC1A2FF87E /* [CP] Embed Pods Frameworks */,
			);
			buildRules = (
			);
			dependencies = (
			);
			name = PFXZigzag;
			productName = PFXZigzag;
			productReference = 6DA59EFE221EA479004C7B8D /* PFXZigzag.app */;
			productType = "com.apple.product-type.application";
		};
		6DA59F14221EA47A004C7B8D /* PFXZigzagTests */ = {
			isa = PBXNativeTarget;
			buildConfigurationList = 6DA59F2C221EA47A004C7B8D /* Build configuration list for PBXNativeTarget "PFXZigzagTests" */;
			buildPhases = (
				04024A58CEE8FFD5DEAFDE1E /* [CP] Check Pods Manifest.lock */,
				6DA59F11221EA47A004C7B8D /* Sources */,
				6DA59F12221EA47A004C7B8D /* Frameworks */,
				6DA59F13221EA47A004C7B8D /* Resources */,
			);
			buildRules = (
			);
			dependencies = (
				6DA59F17221EA47A004C7B8D /* PBXTargetDependency */,
			);
			name = PFXZigzagTests;
			productName = PFXZigzagTests;
			productReference = 6DA59F15221EA47A004C7B8D /* PFXZigzagTests.xctest */;
			productType = "com.apple.product-type.bundle.unit-test";
		};
		6DA59F1F221EA47A004C7B8D /* PFXZigzagUITests */ = {
			isa = PBXNativeTarget;
			buildConfigurationList = 6DA59F2F221EA47A004C7B8D /* Build configuration list for PBXNativeTarget "PFXZigzagUITests" */;
			buildPhases = (
				107750D432ADF282063D5AA1 /* [CP] Check Pods Manifest.lock */,
				6DA59F1C221EA47A004C7B8D /* Sources */,
				6DA59F1D221EA47A004C7B8D /* Frameworks */,
				6DA59F1E221EA47A004C7B8D /* Resources */,
			);
			buildRules = (
			);
			dependencies = (
				6DA59F22221EA47A004C7B8D /* PBXTargetDependency */,
			);
			name = PFXZigzagUITests;
			productName = PFXZigzagUITests;
			productReference = 6DA59F20221EA47A004C7B8D /* PFXZigzagUITests.xctest */;
			productType = "com.apple.product-type.bundle.ui-testing";
		};
/* End PBXNativeTarget section */

/* Begin PBXProject section */
		6DA59EF6221EA479004C7B8D /* Project object */ = {
			isa = PBXProject;
			attributes = {
				LastSwiftUpdateCheck = 1010;
				LastUpgradeCheck = 1010;
				ORGANIZATIONNAME = PFXStudio;
				TargetAttributes = {
					6DA59EFD221EA479004C7B8D = {
						CreatedOnToolsVersion = 10.1;
					};
					6DA59F14221EA47A004C7B8D = {
						CreatedOnToolsVersion = 10.1;
						TestTargetID = 6DA59EFD221EA479004C7B8D;
					};
					6DA59F1F221EA47A004C7B8D = {
						CreatedOnToolsVersion = 10.1;
						TestTargetID = 6DA59EFD221EA479004C7B8D;
					};
				};
			};
			buildConfigurationList = 6DA59EF9221EA479004C7B8D /* Build configuration list for PBXProject "PFXZigzag" */;
			compatibilityVersion = "Xcode 9.3";
			developmentRegion = en;
			hasScannedForEncodings = 0;
			knownRegions = (
				en,
				Base,
			);
			mainGroup = 6DA59EF5221EA479004C7B8D;
			productRefGroup = 6DA59EFF221EA479004C7B8D /* Products */;
			projectDirPath = "";
			projectRoot = "";
			targets = (
				6DA59EFD221EA479004C7B8D /* PFXZigzag */,
				6DA59F14221EA47A004C7B8D /* PFXZigzagTests */,
				6DA59F1F221EA47A004C7B8D /* PFXZigzagUITests */,
			);
		};
/* End PBXProject section */

/* Begin PBXResourcesBuildPhase section */
		6DA59EFC221EA479004C7B8D /* Resources */ = {
			isa = PBXResourcesBuildPhase;
			buildActionMask = 2147483647;
			files = (
				6DA59F0F221EA47A004C7B8D /* LaunchScreen.storyboard in Resources */,
				6DA59F40221EA80D004C7B8D /* categories.json in Resources */,
				6DA59F0C221EA47A004C7B8D /* Assets.xcassets in Resources */,
				6DA59F07221EA479004C7B8D /* Main.storyboard in Resources */,
			);
			runOnlyForDeploymentPostprocessing = 0;
		};
		6DA59F13221EA47A004C7B8D /* Resources */ = {
			isa = PBXResourcesBuildPhase;
			buildActionMask = 2147483647;
			files = (
				6DA59F3C221EA6AF004C7B8D /* categories.json in Resources */,
			);
			runOnlyForDeploymentPostprocessing = 0;
		};
		6DA59F1E221EA47A004C7B8D /* Resources */ = {
			isa = PBXResourcesBuildPhase;
			buildActionMask = 2147483647;
			files = (
			);
			runOnlyForDeploymentPostprocessing = 0;
		};
/* End PBXResourcesBuildPhase section */

/* Begin PBXShellScriptBuildPhase section */
		04024A58CEE8FFD5DEAFDE1E /* [CP] Check Pods Manifest.lock */ = {
			isa = PBXShellScriptBuildPhase;
			buildActionMask = 2147483647;
			files = (
			);
			inputFileListPaths = (
			);
			inputPaths = (
				"${PODS_PODFILE_DIR_PATH}/Podfile.lock",
				"${PODS_ROOT}/Manifest.lock",
			);
			name = "[CP] Check Pods Manifest.lock";
			outputFileListPaths = (
			);
			outputPaths = (
				"$(DERIVED_FILE_DIR)/Pods-PFXZigzagTests-checkManifestLockResult.txt",
			);
			runOnlyForDeploymentPostprocessing = 0;
			shellPath = /bin/sh;
			shellScript = "diff \"${PODS_PODFILE_DIR_PATH}/Podfile.lock\" \"${PODS_ROOT}/Manifest.lock\" > /dev/null\nif [ $? != 0 ] ; then\n    # print error to STDERR\n    echo \"error: The sandbox is not in sync with the Podfile.lock. Run 'pod install' or update your CocoaPods installation.\" >&2\n    exit 1\nfi\n# This output is used by Xcode 'outputs' to avoid re-running this script phase.\necho \"SUCCESS\" > \"${SCRIPT_OUTPUT_FILE_0}\"\n";
			showEnvVarsInLog = 0;
		};
		107750D432ADF282063D5AA1 /* [CP] Check Pods Manifest.lock */ = {
			isa = PBXShellScriptBuildPhase;
			buildActionMask = 2147483647;
			files = (
			);
			inputFileListPaths = (
			);
			inputPaths = (
				"${PODS_PODFILE_DIR_PATH}/Podfile.lock",
				"${PODS_ROOT}/Manifest.lock",
			);
			name = "[CP] Check Pods Manifest.lock";
			outputFileListPaths = (
			);
			outputPaths = (
				"$(DERIVED_FILE_DIR)/Pods-PFXZigzagUITests-checkManifestLockResult.txt",
			);
			runOnlyForDeploymentPostprocessing = 0;
			shellPath = /bin/sh;
			shellScript = "diff \"${PODS_PODFILE_DIR_PATH}/Podfile.lock\" \"${PODS_ROOT}/Manifest.lock\" > /dev/null\nif [ $? != 0 ] ; then\n    # print error to STDERR\n    echo \"error: The sandbox is not in sync with the Podfile.lock. Run 'pod install' or update your CocoaPods installation.\" >&2\n    exit 1\nfi\n# This output is used by Xcode 'outputs' to avoid re-running this script phase.\necho \"SUCCESS\" > \"${SCRIPT_OUTPUT_FILE_0}\"\n";
			showEnvVarsInLog = 0;
		};
		4373A7D4CD85B3788C6F67A3 /* [CP] Check Pods Manifest.lock */ = {
			isa = PBXShellScriptBuildPhase;
			buildActionMask = 2147483647;
			files = (
			);
			inputFileListPaths = (
			);
			inputPaths = (
				"${PODS_PODFILE_DIR_PATH}/Podfile.lock",
				"${PODS_ROOT}/Manifest.lock",
			);
			name = "[CP] Check Pods Manifest.lock";
			outputFileListPaths = (
			);
			outputPaths = (
				"$(DERIVED_FILE_DIR)/Pods-PFXZigzag-checkManifestLockResult.txt",
			);
			runOnlyForDeploymentPostprocessing = 0;
			shellPath = /bin/sh;
			shellScript = "diff \"${PODS_PODFILE_DIR_PATH}/Podfile.lock\" \"${PODS_ROOT}/Manifest.lock\" > /dev/null\nif [ $? != 0 ] ; then\n    # print error to STDERR\n    echo \"error: The sandbox is not in sync with the Podfile.lock. Run 'pod install' or update your CocoaPods installation.\" >&2\n    exit 1\nfi\n# This output is used by Xcode 'outputs' to avoid re-running this script phase.\necho \"SUCCESS\" > \"${SCRIPT_OUTPUT_FILE_0}\"\n";
			showEnvVarsInLog = 0;
		};
		EA80D08A2E25A3FC1A2FF87E /* [CP] Embed Pods Frameworks */ = {
			isa = PBXShellScriptBuildPhase;
			buildActionMask = 2147483647;
			files = (
			);
			inputFileListPaths = (
			);
			inputPaths = (
				"${SRCROOT}/Pods/Target Support Files/Pods-PFXZigzag/Pods-PFXZigzag-frameworks.sh",
				"${BUILT_PRODUCTS_DIR}/SwiftProgressHUD/SwiftProgressHUD.framework",
			);
			name = "[CP] Embed Pods Frameworks";
			outputFileListPaths = (
			);
			outputPaths = (
				"${TARGET_BUILD_DIR}/${FRAMEWORKS_FOLDER_PATH}/SwiftProgressHUD.framework",
			);
			runOnlyForDeploymentPostprocessing = 0;
			shellPath = /bin/sh;
			shellScript = "\"${SRCROOT}/Pods/Target Support Files/Pods-PFXZigzag/Pods-PFXZigzag-frameworks.sh\"\n";
			showEnvVarsInLog = 0;
		};
/* End PBXShellScriptBuildPhase section */

/* Begin PBXSourcesBuildPhase section */
		6DA59EFA221EA479004C7B8D /* Sources */ = {
			isa = PBXSourcesBuildPhase;
			buildActionMask = 2147483647;
			files = (
				6DA59F0A221EA479004C7B8D /* PFXZigzag.xcdatamodeld in Sources */,
				6DA59F04221EA479004C7B8D /* ViewController.swift in Sources */,
				6DA59F02221EA479004C7B8D /* AppDelegate.swift in Sources */,
			);
			runOnlyForDeploymentPostprocessing = 0;
		};
		6DA59F11221EA47A004C7B8D /* Sources */ = {
			isa = PBXSourcesBuildPhase;
			buildActionMask = 2147483647;
			files = (
				6DA59F3D221EA7C7004C7B8D /* flatten-tree.swift in Sources */,
				6DA59F1A221EA47A004C7B8D /* PFXZigzagTests.swift in Sources */,
				6DA59F3E221EA7D8004C7B8D /* alter-date-format.swift in Sources */,
				6DA59F3F221EA7DB004C7B8D /* bowling-score-calculator.swift in Sources */,
			);
			runOnlyForDeploymentPostprocessing = 0;
		};
		6DA59F1C221EA47A004C7B8D /* Sources */ = {
			isa = PBXSourcesBuildPhase;
			buildActionMask = 2147483647;
			files = (
				6DA59F25221EA47A004C7B8D /* PFXZigzagUITests.swift in Sources */,
			);
			runOnlyForDeploymentPostprocessing = 0;
		};
/* End PBXSourcesBuildPhase section */

/* Begin PBXTargetDependency section */
		6DA59F17221EA47A004C7B8D /* PBXTargetDependency */ = {
			isa = PBXTargetDependency;
			target = 6DA59EFD221EA479004C7B8D /* PFXZigzag */;
			targetProxy = 6DA59F16221EA47A004C7B8D /* PBXContainerItemProxy */;
		};
		6DA59F22221EA47A004C7B8D /* PBXTargetDependency */ = {
			isa = PBXTargetDependency;
			target = 6DA59EFD221EA479004C7B8D /* PFXZigzag */;
			targetProxy = 6DA59F21221EA47A004C7B8D /* PBXContainerItemProxy */;
		};
/* End PBXTargetDependency section */

/* Begin PBXVariantGroup section */
		6DA59F05221EA479004C7B8D /* Main.storyboard */ = {
			isa = PBXVariantGroup;
			children = (
				6DA59F06221EA479004C7B8D /* Base */,
			);
			name = Main.storyboard;
			sourceTree = "<group>";
		};
		6DA59F0D221EA47A004C7B8D /* LaunchScreen.storyboard */ = {
			isa = PBXVariantGroup;
			children = (
				6DA59F0E221EA47A004C7B8D /* Base */,
			);
			name = LaunchScreen.storyboard;
			sourceTree = "<group>";
		};
/* End PBXVariantGroup section */

/* Begin XCBuildConfiguration section */
		6DA59F27221EA47A004C7B8D /* Debug */ = {
			isa = XCBuildConfiguration;
			buildSettings = {
				ALWAYS_SEARCH_USER_PATHS = NO;
				CLANG_ANALYZER_NONNULL = YES;
				CLANG_ANALYZER_NUMBER_OBJECT_CONVERSION = YES_AGGRESSIVE;
				CLANG_CXX_LANGUAGE_STANDARD = "gnu++14";
				CLANG_CXX_LIBRARY = "libc++";
				CLANG_ENABLE_MODULES = YES;
				CLANG_ENABLE_OBJC_ARC = YES;
				CLANG_ENABLE_OBJC_WEAK = YES;
				CLANG_WARN_BLOCK_CAPTURE_AUTORELEASING = YES;
				CLANG_WARN_BOOL_CONVERSION = YES;
				CLANG_WARN_COMMA = YES;
				CLANG_WARN_CONSTANT_CONVERSION = YES;
				CLANG_WARN_DEPRECATED_OBJC_IMPLEMENTATIONS = YES;
				CLANG_WARN_DIRECT_OBJC_ISA_USAGE = YES_ERROR;
				CLANG_WARN_DOCUMENTATION_COMMENTS = YES;
				CLANG_WARN_EMPTY_BODY = YES;
				CLANG_WARN_ENUM_CONVERSION = YES;
				CLANG_WARN_INFINITE_RECURSION = YES;
				CLANG_WARN_INT_CONVERSION = YES;
				CLANG_WARN_NON_LITERAL_NULL_CONVERSION = YES;
				CLANG_WARN_OBJC_IMPLICIT_RETAIN_SELF = YES;
				CLANG_WARN_OBJC_LITERAL_CONVERSION = YES;
				CLANG_WARN_OBJC_ROOT_CLASS = YES_ERROR;
				CLANG_WARN_RANGE_LOOP_ANALYSIS = YES;
				CLANG_WARN_STRICT_PROTOTYPES = YES;
				CLANG_WARN_SUSPICIOUS_MOVE = YES;
				CLANG_WARN_UNGUARDED_AVAILABILITY = YES_AGGRESSIVE;
				CLANG_WARN_UNREACHABLE_CODE = YES;
				CLANG_WARN__DUPLICATE_METHOD_MATCH = YES;
				CODE_SIGN_IDENTITY = "iPhone Developer";
				COPY_PHASE_STRIP = NO;
				DEBUG_INFORMATION_FORMAT = dwarf;
				ENABLE_STRICT_OBJC_MSGSEND = YES;
				ENABLE_TESTABILITY = YES;
				GCC_C_LANGUAGE_STANDARD = gnu11;
				GCC_DYNAMIC_NO_PIC = NO;
				GCC_NO_COMMON_BLOCKS = YES;
				GCC_OPTIMIZATION_LEVEL = 0;
				GCC_PREPROCESSOR_DEFINITIONS = (
					"DEBUG=1",
					"$(inherited)",
				);
				GCC_WARN_64_TO_32_BIT_CONVERSION = YES;
				GCC_WARN_ABOUT_RETURN_TYPE = YES_ERROR;
				GCC_WARN_UNDECLARED_SELECTOR = YES;
				GCC_WARN_UNINITIALIZED_AUTOS = YES_AGGRESSIVE;
				GCC_WARN_UNUSED_FUNCTION = YES;
				GCC_WARN_UNUSED_VARIABLE = YES;
				IPHONEOS_DEPLOYMENT_TARGET = 12.1;
				MTL_ENABLE_DEBUG_INFO = INCLUDE_SOURCE;
				MTL_FAST_MATH = YES;
				ONLY_ACTIVE_ARCH = YES;
				SDKROOT = iphoneos;
				SWIFT_ACTIVE_COMPILATION_CONDITIONS = DEBUG;
				SWIFT_OPTIMIZATION_LEVEL = "-Onone";
			};
			name = Debug;
		};
		6DA59F28221EA47A004C7B8D /* Release */ = {
			isa = XCBuildConfiguration;
			buildSettings = {
				ALWAYS_SEARCH_USER_PATHS = NO;
				CLANG_ANALYZER_NONNULL = YES;
				CLANG_ANALYZER_NUMBER_OBJECT_CONVERSION = YES_AGGRESSIVE;
				CLANG_CXX_LANGUAGE_STANDARD = "gnu++14";
				CLANG_CXX_LIBRARY = "libc++";
				CLANG_ENABLE_MODULES = YES;
				CLANG_ENABLE_OBJC_ARC = YES;
				CLANG_ENABLE_OBJC_WEAK = YES;
				CLANG_WARN_BLOCK_CAPTURE_AUTORELEASING = YES;
				CLANG_WARN_BOOL_CONVERSION = YES;
				CLANG_WARN_COMMA = YES;
				CLANG_WARN_CONSTANT_CONVERSION = YES;
				CLANG_WARN_DEPRECATED_OBJC_IMPLEMENTATIONS = YES;
				CLANG_WARN_DIRECT_OBJC_ISA_USAGE = YES_ERROR;
				CLANG_WARN_DOCUMENTATION_COMMENTS = YES;
				CLANG_WARN_EMPTY_BODY = YES;
				CLANG_WARN_ENUM_CONVERSION = YES;
				CLANG_WARN_INFINITE_RECURSION = YES;
				CLANG_WARN_INT_CONVERSION = YES;
				CLANG_WARN_NON_LITERAL_NULL_CONVERSION = YES;
				CLANG_WARN_OBJC_IMPLICIT_RETAIN_SELF = YES;
				CLANG_WARN_OBJC_LITERAL_CONVERSION = YES;
				CLANG_WARN_OBJC_ROOT_CLASS = YES_ERROR;
				CLANG_WARN_RANGE_LOOP_ANALYSIS = YES;
				CLANG_WARN_STRICT_PROTOTYPES = YES;
				CLANG_WARN_SUSPICIOUS_MOVE = YES;
				CLANG_WARN_UNGUARDED_AVAILABILITY = YES_AGGRESSIVE;
				CLANG_WARN_UNREACHABLE_CODE = YES;
				CLANG_WARN__DUPLICATE_METHOD_MATCH = YES;
				CODE_SIGN_IDENTITY = "iPhone Developer";
				COPY_PHASE_STRIP = NO;
				DEBUG_INFORMATION_FORMAT = "dwarf-with-dsym";
				ENABLE_NS_ASSERTIONS = NO;
				ENABLE_STRICT_OBJC_MSGSEND = YES;
				GCC_C_LANGUAGE_STANDARD = gnu11;
				GCC_NO_COMMON_BLOCKS = YES;
				GCC_WARN_64_TO_32_BIT_CONVERSION = YES;
				GCC_WARN_ABOUT_RETURN_TYPE = YES_ERROR;
				GCC_WARN_UNDECLARED_SELECTOR = YES;
				GCC_WARN_UNINITIALIZED_AUTOS = YES_AGGRESSIVE;
				GCC_WARN_UNUSED_FUNCTION = YES;
				GCC_WARN_UNUSED_VARIABLE = YES;
				IPHONEOS_DEPLOYMENT_TARGET = 12.1;
				MTL_ENABLE_DEBUG_INFO = NO;
				MTL_FAST_MATH = YES;
				SDKROOT = iphoneos;
				SWIFT_COMPILATION_MODE = wholemodule;
				SWIFT_OPTIMIZATION_LEVEL = "-O";
				VALIDATE_PRODUCT = YES;
			};
			name = Release;
		};
		6DA59F2A221EA47A004C7B8D /* Debug */ = {
			isa = XCBuildConfiguration;
			baseConfigurationReference = C5C4746347684138562EA5AF /* Pods-PFXZigzag.debug.xcconfig */;
			buildSettings = {
				ASSETCATALOG_COMPILER_APPICON_NAME = AppIcon;
				CODE_SIGN_STYLE = Automatic;
				INFOPLIST_FILE = PFXZigzag/Info.plist;
				LD_RUNPATH_SEARCH_PATHS = (
					"$(inherited)",
					"@executable_path/Frameworks",
				);
				PRODUCT_BUNDLE_IDENTIFIER = com.pfxstudio.PFXZigzag;
				PRODUCT_NAME = "$(TARGET_NAME)";
				SWIFT_VERSION = 4.2;
				TARGETED_DEVICE_FAMILY = "1,2";
			};
			name = Debug;
		};
		6DA59F2B221EA47A004C7B8D /* Release */ = {
			isa = XCBuildConfiguration;
			baseConfigurationReference = 76E227A00DD6698EAAF44F88 /* Pods-PFXZigzag.release.xcconfig */;
			buildSettings = {
				ASSETCATALOG_COMPILER_APPICON_NAME = AppIcon;
				CODE_SIGN_STYLE = Automatic;
				INFOPLIST_FILE = PFXZigzag/Info.plist;
				LD_RUNPATH_SEARCH_PATHS = (
					"$(inherited)",
					"@executable_path/Frameworks",
				);
				PRODUCT_BUNDLE_IDENTIFIER = com.pfxstudio.PFXZigzag;
				PRODUCT_NAME = "$(TARGET_NAME)";
				SWIFT_VERSION = 4.2;
				TARGETED_DEVICE_FAMILY = "1,2";
			};
			name = Release;
		};
		6DA59F2D221EA47A004C7B8D /* Debug */ = {
			isa = XCBuildConfiguration;
			baseConfigurationReference = 7B715C318FE5E2464489E160 /* Pods-PFXZigzagTests.debug.xcconfig */;
			buildSettings = {
				ALWAYS_EMBED_SWIFT_STANDARD_LIBRARIES = YES;
				BUNDLE_LOADER = "$(TEST_HOST)";
				CODE_SIGN_STYLE = Automatic;
				INFOPLIST_FILE = PFXZigzagTests/Info.plist;
				LD_RUNPATH_SEARCH_PATHS = (
					"$(inherited)",
					"@executable_path/Frameworks",
					"@loader_path/Frameworks",
				);
				PRODUCT_BUNDLE_IDENTIFIER = com.pfxstudio.PFXZigzagTests;
				PRODUCT_NAME = "$(TARGET_NAME)";
				SWIFT_VERSION = 4.2;
				TARGETED_DEVICE_FAMILY = "1,2";
				TEST_HOST = "$(BUILT_PRODUCTS_DIR)/PFXZigzag.app/PFXZigzag";
			};
			name = Debug;
		};
		6DA59F2E221EA47A004C7B8D /* Release */ = {
			isa = XCBuildConfiguration;
			baseConfigurationReference = ACFF980B97C3AB94CFE050E0 /* Pods-PFXZigzagTests.release.xcconfig */;
			buildSettings = {
				ALWAYS_EMBED_SWIFT_STANDARD_LIBRARIES = YES;
				BUNDLE_LOADER = "$(TEST_HOST)";
				CODE_SIGN_STYLE = Automatic;
				INFOPLIST_FILE = PFXZigzagTests/Info.plist;
				LD_RUNPATH_SEARCH_PATHS = (
					"$(inherited)",
					"@executable_path/Frameworks",
					"@loader_path/Frameworks",
				);
				PRODUCT_BUNDLE_IDENTIFIER = com.pfxstudio.PFXZigzagTests;
				PRODUCT_NAME = "$(TARGET_NAME)";
				SWIFT_VERSION = 4.2;
				TARGETED_DEVICE_FAMILY = "1,2";
				TEST_HOST = "$(BUILT_PRODUCTS_DIR)/PFXZigzag.app/PFXZigzag";
			};
			name = Release;
		};
		6DA59F30221EA47A004C7B8D /* Debug */ = {
			isa = XCBuildConfiguration;
			baseConfigurationReference = 3A1F33ED2B4DE001FB31150B /* Pods-PFXZigzagUITests.debug.xcconfig */;
			buildSettings = {
				ALWAYS_EMBED_SWIFT_STANDARD_LIBRARIES = YES;
				CODE_SIGN_STYLE = Automatic;
				INFOPLIST_FILE = PFXZigzagUITests/Info.plist;
				LD_RUNPATH_SEARCH_PATHS = (
					"$(inherited)",
					"@executable_path/Frameworks",
					"@loader_path/Frameworks",
				);
				PRODUCT_BUNDLE_IDENTIFIER = com.pfxstudio.PFXZigzagUITests;
				PRODUCT_NAME = "$(TARGET_NAME)";
				SWIFT_VERSION = 4.2;
				TARGETED_DEVICE_FAMILY = "1,2";
				TEST_TARGET_NAME = PFXZigzag;
			};
			name = Debug;
		};
		6DA59F31221EA47A004C7B8D /* Release */ = {
			isa = XCBuildConfiguration;
			baseConfigurationReference = 06A55CBACFB16B081424F009 /* Pods-PFXZigzagUITests.release.xcconfig */;
			buildSettings = {
				ALWAYS_EMBED_SWIFT_STANDARD_LIBRARIES = YES;
				CODE_SIGN_STYLE = Automatic;
				INFOPLIST_FILE = PFXZigzagUITests/Info.plist;
				LD_RUNPATH_SEARCH_PATHS = (
					"$(inherited)",
					"@executable_path/Frameworks",
					"@loader_path/Frameworks",
				);
				PRODUCT_BUNDLE_IDENTIFIER = com.pfxstudio.PFXZigzagUITests;
				PRODUCT_NAME = "$(TARGET_NAME)";
				SWIFT_VERSION = 4.2;
				TARGETED_DEVICE_FAMILY = "1,2";
				TEST_TARGET_NAME = PFXZigzag;
			};
			name = Release;
		};
/* End XCBuildConfiguration section */

/* Begin XCConfigurationList section */
		6DA59EF9221EA479004C7B8D /* Build configuration list for PBXProject "PFXZigzag" */ = {
			isa = XCConfigurationList;
			buildConfigurations = (
				6DA59F27221EA47A004C7B8D /* Debug */,
				6DA59F28221EA47A004C7B8D /* Release */,
			);
			defaultConfigurationIsVisible = 0;
			defaultConfigurationName = Release;
		};
		6DA59F29221EA47A004C7B8D /* Build configuration list for PBXNativeTarget "PFXZigzag" */ = {
			isa = XCConfigurationList;
			buildConfigurations = (
				6DA59F2A221EA47A004C7B8D /* Debug */,
				6DA59F2B221EA47A004C7B8D /* Release */,
			);
			defaultConfigurationIsVisible = 0;
			defaultConfigurationName = Release;
		};
		6DA59F2C221EA47A004C7B8D /* Build configuration list for PBXNativeTarget "PFXZigzagTests" */ = {
			isa = XCConfigurationList;
			buildConfigurations = (
				6DA59F2D221EA47A004C7B8D /* Debug */,
				6DA59F2E221EA47A004C7B8D /* Release */,
			);
			defaultConfigurationIsVisible = 0;
			defaultConfigurationName = Release;
		};
		6DA59F2F221EA47A004C7B8D /* Build configuration list for PBXNativeTarget "PFXZigzagUITests" */ = {
			isa = XCConfigurationList;
			buildConfigurations = (
				6DA59F30221EA47A004C7B8D /* Debug */,
				6DA59F31221EA47A004C7B8D /* Release */,
			);
			defaultConfigurationIsVisible = 0;
			defaultConfigurationName = Release;
		};
/* End XCConfigurationList section */

/* Begin XCVersionGroup section */
		6DA59F08221EA479004C7B8D /* PFXZigzag.xcdatamodeld */ = {
			isa = XCVersionGroup;
			children = (
				6DA59F09221EA479004C7B8D /* PFXZigzag.xcdatamodel */,
			);
			currentVersion = 6DA59F09221EA479004C7B8D /* PFXZigzag.xcdatamodel */;
			path = PFXZigzag.xcdatamodeld;
			sourceTree = "<group>";
			versionGroupType = wrapper.xcdatamodel;
		};
/* End XCVersionGroup section */
	};
	rootObject = 6DA59EF6221EA479004C7B8D /* Project object */;
}
